<?xml version="1.0" encoding="utf-8"?>
<Project ToolsVersion="4.0" xmlns="http://schemas.microsoft.com/developer/msbuild/2003">
  <ItemGroup>
    <Filter Include="Fichiers sources">
      <UniqueIdentifier>{4FC737F1-C7A5-4376-A066-2A32D752A2FF}</UniqueIdentifier>
      <Extensions>cpp;c;cc;cxx;def;odl;idl;hpj;bat;asm;asmx</Extensions>
    </Filter>
    <Filter Include="Fichiers d%27en-tête">
      <UniqueIdentifier>{93995380-89BD-4b04-88EB-625FBE52EBFB}</UniqueIdentifier>
      <Extensions>h;hh;hpp;hxx;hm;inl;inc;xsd</Extensions>
    </Filter>
    <Filter Include="Fichiers de ressources">
      <UniqueIdentifier>{67DA6AB6-F800-4c08-8B7A-83BB121AAD01}</UniqueIdentifier>
      <Extensions>rc;ico;cur;bmp;dlg;rc2;rct;bin;rgs;gif;jpg;jpeg;jpe;resx;tiff;tif;png;wav;mfcribbon-ms</Extensions>
    </Filter>
    <Filter Include="Fichiers sources\Scenes">
      <UniqueIdentifier>{63a276e8-7c30-4837-bbc7-df2576def195}</UniqueIdentifier>
    </Filter>
    <Filter Include="Fichiers sources\Behaviors">
      <UniqueIdentifier>{9f732ba0-806f-4e86-848f-ce4c2c1862a1}</UniqueIdentifier>
    </Filter>
  </ItemGroup>
  <ItemGroup>
    <Text Include="ReadMe.txt" />
  </ItemGroup>
  <ItemGroup>
    <ClInclude Include="stdafx.h">
      <Filter>Fichiers d%27en-tête</Filter>
    </ClInclude>
    <ClInclude Include="targetver.h">
      <Filter>Fichiers d%27en-tête</Filter>
    </ClInclude>
    <ClInclude Include="Polygon.h">
      <Filter>Fichiers sources</Filter>
    </ClInclude>
    <ClInclude Include="Maths.h">
      <Filter>Fichiers sources</Filter>
    </ClInclude>
    <ClInclude Include="Timer.h">
      <Filter>Fichiers sources</Filter>
    </ClInclude>
    <ClInclude Include="World.h">
      <Filter>Fichiers sources</Filter>
    </ClInclude>
    <ClInclude Include="Behavior.h">
      <Filter>Fichiers sources</Filter>
    </ClInclude>
    <ClInclude Include="GlobalVariables.h">
      <Filter>Fichiers sources</Filter>
    </ClInclude>
    <ClInclude Include="Renderer.h">
      <Filter>Fichiers sources</Filter>
    </ClInclude>
    <ClInclude Include="RenderWindow.h">
      <Filter>Fichiers sources</Filter>
    </ClInclude>
    <ClInclude Include="SceneManager.h">
      <Filter>Fichiers sources</Filter>
    </ClInclude>
    <ClInclude Include="Application.h">
      <Filter>Fichiers sources</Filter>
    </ClInclude>
    <ClInclude Include="SDLRenderWindow.h">
      <Filter>Fichiers sources</Filter>
    </ClInclude>
    <ClInclude Include="PhysicEngine.h">
      <Filter>Fichiers sources</Filter>
    </ClInclude>
    <ClInclude Include="Scenes\BaseScene.h">
      <Filter>Fichiers sources\Scenes</Filter>
    </ClInclude>
    <ClInclude Include="Behaviors\SimplePolygonBounce.h">
      <Filter>Fichiers sources\Behaviors</Filter>
    </ClInclude>
    <ClInclude Include="Behaviors\PolygonMoverTool.h">
      <Filter>Fichiers sources\Behaviors</Filter>
    </ClInclude>
    <ClInclude Include="Behaviors\DisplayCollision.h">
      <Filter>Fichiers sources\Behaviors</Filter>
    </ClInclude>
    <ClInclude Include="Scenes\SceneDebugCollisions.h">
      <Filter>Fichiers sources\Scenes</Filter>
    </ClInclude>
    <ClInclude Include="Scenes\SceneBouncingPolys.h">
      <Filter>Fichiers sources\Scenes</Filter>
    </ClInclude>
    <ClInclude Include="Scenes\SceneSpheres.h">
      <Filter>Fichiers sources\Scenes</Filter>
    </ClInclude>
    <ClInclude Include="Behaviors\SphereSimulation.h">
      <Filter>Fichiers sources\Behaviors</Filter>
    </ClInclude>
    <ClInclude Include="BroadPhase.h">
      <Filter>Fichiers sources</Filter>
    </ClInclude>
    <ClInclude Include="BroadPhaseBrut.h">
      <Filter>Fichiers sources</Filter>
    </ClInclude>
  </ItemGroup>
  <ItemGroup>
    <ClCompile Include="stdafx.cpp">
      <Filter>Fichiers sources</Filter>
    </ClCompile>
    <ClCompile Include="Polygon.cpp">
      <Filter>Fichiers sources</Filter>
    </ClCompile>
    <ClCompile Include="Timer.cpp">
      <Filter>Fichiers sources</Filter>
    </ClCompile>
    <ClCompile Include="World.cpp">
      <Filter>Fichiers sources</Filter>
    </ClCompile>
    <ClCompile Include="Renderer.cpp">
      <Filter>Fichiers sources</Filter>
    </ClCompile>
    <ClCompile Include="SceneManager.cpp">
      <Filter>Fichiers sources</Filter>
    </ClCompile>
    <ClCompile Include="GlobaleVariables.cpp">
      <Filter>Fichiers sources</Filter>
    </ClCompile>
    <ClCompile Include="main.cpp">
      <Filter>Fichiers sources</Filter>
    </ClCompile>
    <ClCompile Include="SDLRenderWindow.cpp">
      <Filter>Fichiers sources</Filter>
    </ClCompile>
    <ClCompile Include="PhysicEngine.cpp">
      <Filter>Fichiers sources</Filter>
    </ClCompile>
    <ClCompile Include="Maths.cpp">
      <Filter>Fichiers sources</Filter>
    </ClCompile>
  </ItemGroup>
</Project>